
Microsoft Visual Studio Solution File, Format Version 12.00
# Visual Studio Version 16
VisualStudioVersion = 16.0.30523.141
MinimumVisualStudioVersion = 10.0.40219.1
Project("{9A19103F-16F7-4668-BE54-9A1E7A4F7556}") = "MyLibrary.Entities", "MyLibrary.Entities\MyLibrary.Entities.csproj", "{C33116AB-7132-4E0D-BF0B-36817674BC41}"
EndProject
Project("{9A19103F-16F7-4668-BE54-9A1E7A4F7556}") = "MyLibrary.DataAccess", "MyLibrary.DataAccess\MyLibrary.DataAccess.csproj", "{5DC325F4-76AC-44DE-93B6-F5802558C741}"
EndProject
Project("{9A19103F-16F7-4668-BE54-9A1E7A4F7556}") = "MyLibrary.Business", "MyLibrary.Business\MyLibrary.Business.csproj", "{F03F7645-F0F8-421B-8B1D-DA0550D0AAC9}"
EndProject
Project("{9A19103F-16F7-4668-BE54-9A1E7A4F7556}") = "MyLibrary.WebApp", "MyLibrary.WebApp\MyLibrary.WebApp.csproj", "{6806A12F-53F0-45E4-B219-875145217078}"
EndProject
Project("{9A19103F-16F7-4668-BE54-9A1E7A4F7556}") = "MyLibrary.Api", "MyLibrary.Api\MyLibrary.Api.csproj", "{C30C77B5-8DB0-4F95-AB59-114387331CA0}"
EndProject
Global
	GlobalSection(SolutionConfigurationPlatforms) = preSolution
		Debug|Any CPU = Debug|Any CPU
		Release|Any CPU = Release|Any CPU
	EndGlobalSection
	GlobalSection(ProjectConfigurationPlatforms) = postSolution
		{C33116AB-7132-4E0D-BF0B-36817674BC41}.Debug|Any CPU.ActiveCfg = Debug|Any CPU
		{C33116AB-7132-4E0D-BF0B-36817674BC41}.Debug|Any CPU.Build.0 = Debug|Any CPU
		{C33116AB-7132-4E0D-BF0B-36817674BC41}.Release|Any CPU.ActiveCfg = Release|Any CPU
		{C33116AB-7132-4E0D-BF0B-36817674BC41}.Release|Any CPU.Build.0 = Release|Any CPU
		{5DC325F4-76AC-44DE-93B6-F5802558C741}.Debug|Any CPU.ActiveCfg = Debug|Any CPU
		{5DC325F4-76AC-44DE-93B6-F5802558C741}.Debug|Any CPU.Build.0 = Debug|Any CPU
		{5DC325F4-76AC-44DE-93B6-F5802558C741}.Release|Any CPU.ActiveCfg = Release|Any CPU
		{5DC325F4-76AC-44DE-93B6-F5802558C741}.Release|Any CPU.Build.0 = Release|Any CPU
		{F03F7645-F0F8-421B-8B1D-DA0550D0AAC9}.Debug|Any CPU.ActiveCfg = Debug|Any CPU
		{F03F7645-F0F8-421B-8B1D-DA0550D0AAC9}.Debug|Any CPU.Build.0 = Debug|Any CPU
		{F03F7645-F0F8-421B-8B1D-DA0550D0AAC9}.Release|Any CPU.ActiveCfg = Release|Any CPU
		{F03F7645-F0F8-421B-8B1D-DA0550D0AAC9}.Release|Any CPU.Build.0 = Release|Any CPU
		{6806A12F-53F0-45E4-B219-875145217078}.Debug|Any CPU.ActiveCfg = Debug|Any CPU
		{6806A12F-53F0-45E4-B219-875145217078}.Debug|Any CPU.Build.0 = Debug|Any CPU
		{6806A12F-53F0-45E4-B219-875145217078}.Release|Any CPU.ActiveCfg = Release|Any CPU
		{6806A12F-53F0-45E4-B219-875145217078}.Release|Any CPU.Build.0 = Release|Any CPU
		{C30C77B5-8DB0-4F95-AB59-114387331CA0}.Debug|Any CPU.ActiveCfg = Debug|Any CPU
		{C30C77B5-8DB0-4F95-AB59-114387331CA0}.Debug|Any CPU.Build.0 = Debug|Any CPU
		{C30C77B5-8DB0-4F95-AB59-114387331CA0}.Release|Any CPU.ActiveCfg = Release|Any CPU
		{C30C77B5-8DB0-4F95-AB59-114387331CA0}.Release|Any CPU.Build.0 = Release|Any CPU
	EndGlobalSection
	GlobalSection(SolutionProperties) = preSolution
		HideSolutionNode = FALSE
	EndGlobalSection
	GlobalSection(ExtensibilityGlobals) = postSolution
		SolutionGuid = {4B4E009F-CD11-4862-BE43-92D73C203C75}
	EndGlobalSection
EndGlobal
